{
  "name": "front_end",
  "version": "1.0.0",
  "lockfileVersion": 1,
  "requires": true,
  "dependencies": {
    "incremental-dom": {
      "version": "github:Haemp/incremental-dom#5e8098487c002275dcee12d879aa53e92d452b16"
    },
    "simply.js": {
      "version": "github:Haemp/simply.js#85f04fb6b89b50892acd9028c5a39c5fbc52235a",
      "requires": {
        "incremental-dom": "github:Haemp/incremental-dom#5e8098487c002275dcee12d879aa53e92d452b16"
      }
    }
  }
}
